
Microsoft Visual Studio Solution File, Format Version 12.00
# Visual Studio 2013
VisualStudioVersion = 12.0.30501.0
MinimumVisualStudioVersion = 10.0.40219.1
Project("{FAE04EC0-301F-11D3-BF4B-00C04F79EFBC}") = "Infinity", "Infinity\Infinity.csproj", "{AFE79B56-86E4-4BA7-AFDB-030B6DC7C9DD}"
EndProject
Project("{FAE04EC0-301F-11D3-BF4B-00C04F79EFBC}") = "Infinity.Tests", "Infinity.Tests\Infinity.Tests.csproj", "{AF93F6FD-DBE3-4DD8-9A22-E5836FC8B518}"
EndProject
Project("{FAE04EC0-301F-11D3-BF4B-00C04F79EFBC}") = "Infinity.Client", "Infinity.Client\Infinity.Client.csproj", "{C94AB800-EC46-4823-A06F-CDECBBC3FFA2}"
EndProject
Global
	GlobalSection(SolutionConfigurationPlatforms) = preSolution
		Debug|Any CPU = Debug|Any CPU
		Release|Any CPU = Release|Any CPU
	EndGlobalSection
	GlobalSection(ProjectConfigurationPlatforms) = postSolution
		{AFE79B56-86E4-4BA7-AFDB-030B6DC7C9DD}.Debug|Any CPU.ActiveCfg = Debug|Any CPU
		{AFE79B56-86E4-4BA7-AFDB-030B6DC7C9DD}.Debug|Any CPU.Build.0 = Debug|Any CPU
		{AFE79B56-86E4-4BA7-AFDB-030B6DC7C9DD}.Release|Any CPU.ActiveCfg = Release|Any CPU
		{AFE79B56-86E4-4BA7-AFDB-030B6DC7C9DD}.Release|Any CPU.Build.0 = Release|Any CPU
		{AF93F6FD-DBE3-4DD8-9A22-E5836FC8B518}.Debug|Any CPU.ActiveCfg = Debug|Any CPU
		{AF93F6FD-DBE3-4DD8-9A22-E5836FC8B518}.Debug|Any CPU.Build.0 = Debug|Any CPU
		{AF93F6FD-DBE3-4DD8-9A22-E5836FC8B518}.Release|Any CPU.ActiveCfg = Release|Any CPU
		{AF93F6FD-DBE3-4DD8-9A22-E5836FC8B518}.Release|Any CPU.Build.0 = Release|Any CPU
		{C94AB800-EC46-4823-A06F-CDECBBC3FFA2}.Debug|Any CPU.ActiveCfg = Debug|Any CPU
		{C94AB800-EC46-4823-A06F-CDECBBC3FFA2}.Debug|Any CPU.Build.0 = Debug|Any CPU
		{C94AB800-EC46-4823-A06F-CDECBBC3FFA2}.Release|Any CPU.ActiveCfg = Release|Any CPU
		{C94AB800-EC46-4823-A06F-CDECBBC3FFA2}.Release|Any CPU.Build.0 = Release|Any CPU
	EndGlobalSection
	GlobalSection(SolutionProperties) = preSolution
		HideSolutionNode = FALSE
	EndGlobalSection
EndGlobal
